
Microsoft Visual Studio Solution File, Format Version 10.00
# Visual Studio 2008
Project("{FAE04EC0-301F-11D3-BF4B-00C04F79EFBC}") = "MayaLanguage", "Language\MayaLanguage.csproj", "{0DF29454-79A0-417D-B969-A79F8050D785}"
EndProject
Project("{FAE04EC0-301F-11D3-BF4B-00C04F79EFBC}") = "Components", "Components\Components.csproj", "{6593C268-4FC8-41A3-B506-FA9ADD5866EF}"
EndProject
Global
	GlobalSection(SolutionConfigurationPlatforms) = preSolution
		Debug|Any CPU = Debug|Any CPU
		Release|Any CPU = Release|Any CPU
	EndGlobalSection
	GlobalSection(ProjectConfigurationPlatforms) = postSolution
		{0DF29454-79A0-417D-B969-A79F8050D785}.Debug|Any CPU.ActiveCfg = Debug|Any CPU
		{0DF29454-79A0-417D-B969-A79F8050D785}.Debug|Any CPU.Build.0 = Debug|Any CPU
		{0DF29454-79A0-417D-B969-A79F8050D785}.Release|Any CPU.ActiveCfg = Release|Any CPU
		{0DF29454-79A0-417D-B969-A79F8050D785}.Release|Any CPU.Build.0 = Release|Any CPU
		{6593C268-4FC8-41A3-B506-FA9ADD5866EF}.Debug|Any CPU.ActiveCfg = Debug|Any CPU
		{6593C268-4FC8-41A3-B506-FA9ADD5866EF}.Debug|Any CPU.Build.0 = Debug|Any CPU
		{6593C268-4FC8-41A3-B506-FA9ADD5866EF}.Release|Any CPU.ActiveCfg = Release|Any CPU
		{6593C268-4FC8-41A3-B506-FA9ADD5866EF}.Release|Any CPU.Build.0 = Release|Any CPU
	EndGlobalSection
	GlobalSection(MonoDevelopProperties) = preSolution
		StartupItem = Language\MayaLanguage.csproj
	EndGlobalSection
EndGlobal
